
Microsoft Visual Studio Solution File, Format Version 12.00
# Visual Studio Version 17
VisualStudioVersion = 17.7.34221.43
MinimumVisualStudioVersion = 10.0.40219.1
Project("{FAE04EC0-301F-11D3-BF4B-00C04F79EFBC}") = "Framework", "Framework\Framework.csproj", "{50C9057B-0098-46B3-B3DD-3A321F5CDCB2}"
EndProject
Project("{FAE04EC0-301F-11D3-BF4B-00C04F79EFBC}") = "Tests", "Tests\Tests.csproj", "{93A3AE8F-776B-4CEC-A884-F626462F9ABA}"
EndProject
Global
	GlobalSection(SolutionConfigurationPlatforms) = preSolution
		Debug|Any CPU = Debug|Any CPU
		Release|Any CPU = Release|Any CPU
	EndGlobalSection
	GlobalSection(ProjectConfigurationPlatforms) = postSolution
		{50C9057B-0098-46B3-B3DD-3A321F5CDCB2}.Debug|Any CPU.ActiveCfg = Debug|Any CPU
		{50C9057B-0098-46B3-B3DD-3A321F5CDCB2}.Debug|Any CPU.Build.0 = Debug|Any CPU
		{50C9057B-0098-46B3-B3DD-3A321F5CDCB2}.Release|Any CPU.ActiveCfg = Release|Any CPU
		{50C9057B-0098-46B3-B3DD-3A321F5CDCB2}.Release|Any CPU.Build.0 = Release|Any CPU
		{93A3AE8F-776B-4CEC-A884-F626462F9ABA}.Debug|Any CPU.ActiveCfg = Debug|Any CPU
		{93A3AE8F-776B-4CEC-A884-F626462F9ABA}.Debug|Any CPU.Build.0 = Debug|Any CPU
		{93A3AE8F-776B-4CEC-A884-F626462F9ABA}.Release|Any CPU.ActiveCfg = Release|Any CPU
		{93A3AE8F-776B-4CEC-A884-F626462F9ABA}.Release|Any CPU.Build.0 = Release|Any CPU
	EndGlobalSection
	GlobalSection(SolutionProperties) = preSolution
		HideSolutionNode = FALSE
	EndGlobalSection
	GlobalSection(ExtensibilityGlobals) = postSolution
		SolutionGuid = {697C3419-842E-434E-8A25-A89F3F28EC3D}
	EndGlobalSection
EndGlobal
